
Microsoft Visual Studio Solution File, Format Version 12.00
# Visual Studio Version 17
VisualStudioVersion = 17.10.35004.147
MinimumVisualStudioVersion = 10.0.40219.1
Project("{FAE04EC0-301F-11D3-BF4B-00C04F79EFBC}") = "RelojChecadorBeta", "RelojChecadorBeta\RelojChecadorBeta.csproj", "{C031DE48-89E8-48FD-9F77-DB284DD64AE5}"
EndProject
Global
	GlobalSection(SolutionConfigurationPlatforms) = preSolution
		Debug|Any CPU = Debug|Any CPU
		Release|Any CPU = Release|Any CPU
	EndGlobalSection
	GlobalSection(ProjectConfigurationPlatforms) = postSolution
		{C031DE48-89E8-48FD-9F77-DB284DD64AE5}.Debug|Any CPU.ActiveCfg = Debug|Any CPU
		{C031DE48-89E8-48FD-9F77-DB284DD64AE5}.Debug|Any CPU.Build.0 = Debug|Any CPU
		{C031DE48-89E8-48FD-9F77-DB284DD64AE5}.Release|Any CPU.ActiveCfg = Release|Any CPU
		{C031DE48-89E8-48FD-9F77-DB284DD64AE5}.Release|Any CPU.Build.0 = Release|Any CPU
	EndGlobalSection
	GlobalSection(SolutionProperties) = preSolution
		HideSolutionNode = FALSE
	EndGlobalSection
	GlobalSection(ExtensibilityGlobals) = postSolution
		SolutionGuid = {DFE7FE8B-D466-4E6B-AD2F-AE49BFB00911}
	EndGlobalSection
EndGlobal
